Microsoft Visual Studio Solution File, Format Version 12.00
# Visual Studio Version 17
VisualStudioVersion = 17.5.2.0
MinimumVisualStudioVersion = 10.0.40219.1
Project("{FAE04EC0-301F-11D3-BF4B-00C04F79EFBC}") = "TunavBackend", "TunavBackend.csproj", "{D333E729-122B-F7B5-8186-3A0A6EF11890}"
EndProject
Global
	GlobalSection(SolutionConfigurationPlatforms) = preSolution
		Debug|Any CPU = Debug|Any CPU
		Release|Any CPU = Release|Any CPU
	EndGlobalSection
	GlobalSection(ProjectConfigurationPlatforms) = postSolution
		{D333E729-122B-F7B5-8186-3A0A6EF11890}.Debug|Any CPU.ActiveCfg = Debug|Any CPU
		{D333E729-122B-F7B5-8186-3A0A6EF11890}.Debug|Any CPU.Build.0 = Debug|Any CPU
		{D333E729-122B-F7B5-8186-3A0A6EF11890}.Release|Any CPU.ActiveCfg = Release|Any CPU
		{D333E729-122B-F7B5-8186-3A0A6EF11890}.Release|Any CPU.Build.0 = Release|Any CPU
	EndGlobalSection
	GlobalSection(SolutionProperties) = preSolution
		HideSolutionNode = FALSE
	EndGlobalSection
	GlobalSection(ExtensibilityGlobals) = postSolution
		SolutionGuid = {A592444B-60AD-4925-A5EC-CD303A390F2E}
	EndGlobalSection
EndGlobal
